
Microsoft Visual Studio Solution File, Format Version 10.00
# Visual Studio 2008
Project("{8BC9CEB8-8B4A-11D0-8D11-00A0C91BC942}") = "SSC", "SSC.vcproj", "{501031A9-C9BD-4C11-BBC5-3EF9012B9FF1}"
EndProject
Project("{8BC9CEB8-8B4A-11D0-8D11-00A0C91BC942}") = "BookStar", "testSSC.vcproj", "{8A80C2A9-2C04-442C-8DDF-5BAB432A177F}"
EndProject
Global
	GlobalSection(SolutionConfigurationPlatforms) = preSolution
		Debug|Win32 = Debug|Win32
		Release|Win32 = Release|Win32
	EndGlobalSection
	GlobalSection(ProjectConfigurationPlatforms) = postSolution
		{501031A9-C9BD-4C11-BBC5-3EF9012B9FF1}.Debug|Win32.ActiveCfg = Debug|Win32
		{501031A9-C9BD-4C11-BBC5-3EF9012B9FF1}.Debug|Win32.Build.0 = Debug|Win32
		{501031A9-C9BD-4C11-BBC5-3EF9012B9FF1}.Release|Win32.ActiveCfg = Release|Win32
		{501031A9-C9BD-4C11-BBC5-3EF9012B9FF1}.Release|Win32.Build.0 = Release|Win32
		{8A80C2A9-2C04-442C-8DDF-5BAB432A177F}.Debug|Win32.ActiveCfg = Debug|Win32
		{8A80C2A9-2C04-442C-8DDF-5BAB432A177F}.Debug|Win32.Build.0 = Debug|Win32
		{8A80C2A9-2C04-442C-8DDF-5BAB432A177F}.Release|Win32.ActiveCfg = Release|Win32
		{8A80C2A9-2C04-442C-8DDF-5BAB432A177F}.Release|Win32.Build.0 = Release|Win32
	EndGlobalSection
	GlobalSection(SolutionProperties) = preSolution
		HideSolutionNode = FALSE
	EndGlobalSection
EndGlobal
